{
  "name": "daphne-commerce-review-fixture",
  "version": "1.0.0",
  "lockfileVersion": 3,
  "requires": true,
  "packages": {
    "": {
      "name": "daphne-commerce-review-fixture",
      "version": "1.0.0",
      "workspaces": [
        "apps/*",
        "packages/*"
      ],
      "devDependencies": {
        "typescript": "5.6.3"
      }
    },
    "apps/api": {
      "name": "@daphne-test/api",
      "version": "1.0.0"
    },
    "apps/worker": {
      "name": "@daphne-test/worker",
      "version": "1.0.0"
    },
    "node_modules/@daphne-test/api": {
      "resolved": "apps/api",
      "link": true
    },
    "node_modules/@daphne-test/catalog": {
      "resolved": "packages/catalog",
      "link": true
    },
    "node_modules/@daphne-test/checkout": {
      "resolved": "packages/checkout",
      "link": true
    },
    "node_modules/@daphne-test/core": {
      "resolved": "packages/core",
      "link": true
    },
    "node_modules/@daphne-test/fulfillment": {
      "resolved": "packages/fulfillment",
      "link": true
    },
    "node_modules/@daphne-test/tsconfig": {
      "resolved": "packages/tsconfig",
      "link": true
    },
    "node_modules/@daphne-test/worker": {
      "resolved": "apps/worker",
      "link": true
    },
    "node_modules/typescript": {
      "version": "5.6.3",
      "resolved": "https://registry.npmjs.org/typescript/-/typescript-5.6.3.tgz",
      "integrity": "sha512-hjcS1mhfuyi4WW8IWtjP7brDrG2cuDZukyrYrSauoXGNgx0S7zceP07adYkJycEr56BOUTNPzbInooiN3fn1qw==",
      "dev": true,
      "license": "Apache-2.0",
      "bin": {
        "tsc": "bin/tsc",
        "tsserver": "bin/tsserver"
      },
      "engines": {
        "node": ">=14.17"
      }
    },
    "packages/catalog": {
      "name": "@daphne-test/catalog",
      "version": "1.0.0"
    },
    "packages/checkout": {
      "name": "@daphne-test/checkout",
      "version": "1.0.0"
    },
    "packages/core": {
      "name": "@daphne-test/core",
      "version": "1.0.0"
    },
    "packages/fulfillment": {
      "name": "@daphne-test/fulfillment",
      "version": "1.0.0"
    },
    "packages/tsconfig": {
      "name": "@daphne-test/tsconfig",
      "version": "1.0.0"
    }
  }
}
